
Microsoft Visual Studio Solution File, Format Version 12.00
# Visual Studio Version 16
VisualStudioVersion = 16.0.30517.126
MinimumVisualStudioVersion = 10.0.40219.1
Project("{9A19103F-16F7-4668-BE54-9A1E7A4F7556}") = "01. Integer operation", "01. Integer operation\01. Integer operation.csproj", "{9BCB4340-251E-4FA1-A8B7-747F128DD36B}"
EndProject
Project("{9A19103F-16F7-4668-BE54-9A1E7A4F7556}") = "02. Sum Digits", "02. Sum Digits\02. Sum Digits.csproj", "{892F8268-CB0A-420A-8989-184D6B852E50}"
EndProject
Project("{9A19103F-16F7-4668-BE54-9A1E7A4F7556}") = "03. Elevator", "03. Elevator\03. Elevator.csproj", "{CEC3499E-F762-4BD7-A7DA-EC625BB175C9}"
EndProject
Project("{9A19103F-16F7-4668-BE54-9A1E7A4F7556}") = "04. Sum of Chars", "04. Sum of Chars\04. Sum of Chars.csproj", "{ACAE09BE-3343-42C0-B204-5F4A3EF412C0}"
EndProject
Project("{9A19103F-16F7-4668-BE54-9A1E7A4F7556}") = "05. Print Part of the ASCII Table", "05. Print Part of the ASCII Table\05. Print Part of the ASCII Table.csproj", "{CA253610-BDE9-4DB7-A012-85A5546D1C07}"
EndProject
Project("{9A19103F-16F7-4668-BE54-9A1E7A4F7556}") = "06. Triples of Latin Letters", "06. Triples of Latin Letters\06. Triples of Latin Letters.csproj", "{EFA55221-15E7-4B30-A845-FD3DD1576E9A}"
EndProject
Project("{9A19103F-16F7-4668-BE54-9A1E7A4F7556}") = "07. Water Overflow", "07. Water Overflow\07. Water Overflow.csproj", "{A2EF990D-4CF2-4718-A2A2-8C62F0AE7D14}"
EndProject
Project("{9A19103F-16F7-4668-BE54-9A1E7A4F7556}") = "08. Beer Kegs", "08. Beer Kegs\08. Beer Kegs.csproj", "{2A42D1D6-0BEB-4BF9-9379-79C00C6F14A6}"
EndProject
Project("{9A19103F-16F7-4668-BE54-9A1E7A4F7556}") = "09. Spice Must Flow", "09. Spice Must Flow\09. Spice Must Flow.csproj", "{D8EC45E5-499A-4C28-B4F7-53D28C6B80AE}"
EndProject
Project("{9A19103F-16F7-4668-BE54-9A1E7A4F7556}") = "10. Poke Mon", "10. Poke Mon\10. Poke Mon.csproj", "{0FC49623-8B3F-4DD3-9CAD-2C2B2B4A05CA}"
EndProject
Project("{FAE04EC0-301F-11D3-BF4B-00C04F79EFBC}") = "11. Snowballs", "11. Snowballs\11. Snowballs.csproj", "{19C603D7-9AFA-4F4D-A997-C0EC7C8EBF87}"
EndProject
Global
	GlobalSection(SolutionConfigurationPlatforms) = preSolution
		Debug|Any CPU = Debug|Any CPU
		Release|Any CPU = Release|Any CPU
	EndGlobalSection
	GlobalSection(ProjectConfigurationPlatforms) = postSolution
		{9BCB4340-251E-4FA1-A8B7-747F128DD36B}.Debug|Any CPU.ActiveCfg = Debug|Any CPU
		{9BCB4340-251E-4FA1-A8B7-747F128DD36B}.Debug|Any CPU.Build.0 = Debug|Any CPU
		{9BCB4340-251E-4FA1-A8B7-747F128DD36B}.Release|Any CPU.ActiveCfg = Release|Any CPU
		{9BCB4340-251E-4FA1-A8B7-747F128DD36B}.Release|Any CPU.Build.0 = Release|Any CPU
		{892F8268-CB0A-420A-8989-184D6B852E50}.Debug|Any CPU.ActiveCfg = Debug|Any CPU
		{892F8268-CB0A-420A-8989-184D6B852E50}.Debug|Any CPU.Build.0 = Debug|Any CPU
		{892F8268-CB0A-420A-8989-184D6B852E50}.Release|Any CPU.ActiveCfg = Release|Any CPU
		{892F8268-CB0A-420A-8989-184D6B852E50}.Release|Any CPU.Build.0 = Release|Any CPU
		{CEC3499E-F762-4BD7-A7DA-EC625BB175C9}.Debug|Any CPU.ActiveCfg = Debug|Any CPU
		{CEC3499E-F762-4BD7-A7DA-EC625BB175C9}.Debug|Any CPU.Build.0 = Debug|Any CPU
		{CEC3499E-F762-4BD7-A7DA-EC625BB175C9}.Release|Any CPU.ActiveCfg = Release|Any CPU
		{CEC3499E-F762-4BD7-A7DA-EC625BB175C9}.Release|Any CPU.Build.0 = Release|Any CPU
		{ACAE09BE-3343-42C0-B204-5F4A3EF412C0}.Debug|Any CPU.ActiveCfg = Debug|Any CPU
		{ACAE09BE-3343-42C0-B204-5F4A3EF412C0}.Debug|Any CPU.Build.0 = Debug|Any CPU
		{ACAE09BE-3343-42C0-B204-5F4A3EF412C0}.Release|Any CPU.ActiveCfg = Release|Any CPU
		{ACAE09BE-3343-42C0-B204-5F4A3EF412C0}.Release|Any CPU.Build.0 = Release|Any CPU
		{CA253610-BDE9-4DB7-A012-85A5546D1C07}.Debug|Any CPU.ActiveCfg = Debug|Any CPU
		{CA253610-BDE9-4DB7-A012-85A5546D1C07}.Debug|Any CPU.Build.0 = Debug|Any CPU
		{CA253610-BDE9-4DB7-A012-85A5546D1C07}.Release|Any CPU.ActiveCfg = Release|Any CPU
		{CA253610-BDE9-4DB7-A012-85A5546D1C07}.Release|Any CPU.Build.0 = Release|Any CPU
		{EFA55221-15E7-4B30-A845-FD3DD1576E9A}.Debug|Any CPU.ActiveCfg = Debug|Any CPU
		{EFA55221-15E7-4B30-A845-FD3DD1576E9A}.Debug|Any CPU.Build.0 = Debug|Any CPU
		{EFA55221-15E7-4B30-A845-FD3DD1576E9A}.Release|Any CPU.ActiveCfg = Release|Any CPU
		{EFA55221-15E7-4B30-A845-FD3DD1576E9A}.Release|Any CPU.Build.0 = Release|Any CPU
		{A2EF990D-4CF2-4718-A2A2-8C62F0AE7D14}.Debug|Any CPU.ActiveCfg = Debug|Any CPU
		{A2EF990D-4CF2-4718-A2A2-8C62F0AE7D14}.Debug|Any CPU.Build.0 = Debug|Any CPU
		{A2EF990D-4CF2-4718-A2A2-8C62F0AE7D14}.Release|Any CPU.ActiveCfg = Release|Any CPU
		{A2EF990D-4CF2-4718-A2A2-8C62F0AE7D14}.Release|Any CPU.Build.0 = Release|Any CPU
		{2A42D1D6-0BEB-4BF9-9379-79C00C6F14A6}.Debug|Any CPU.ActiveCfg = Debug|Any CPU
		{2A42D1D6-0BEB-4BF9-9379-79C00C6F14A6}.Debug|Any CPU.Build.0 = Debug|Any CPU
		{2A42D1D6-0BEB-4BF9-9379-79C00C6F14A6}.Release|Any CPU.ActiveCfg = Release|Any CPU
		{2A42D1D6-0BEB-4BF9-9379-79C00C6F14A6}.Release|Any CPU.Build.0 = Release|Any CPU
		{D8EC45E5-499A-4C28-B4F7-53D28C6B80AE}.Debug|Any CPU.ActiveCfg = Debug|Any CPU
		{D8EC45E5-499A-4C28-B4F7-53D28C6B80AE}.Debug|Any CPU.Build.0 = Debug|Any CPU
		{D8EC45E5-499A-4C28-B4F7-53D28C6B80AE}.Release|Any CPU.ActiveCfg = Release|Any CPU
		{D8EC45E5-499A-4C28-B4F7-53D28C6B80AE}.Release|Any CPU.Build.0 = Release|Any CPU
		{0FC49623-8B3F-4DD3-9CAD-2C2B2B4A05CA}.Debug|Any CPU.ActiveCfg = Debug|Any CPU
		{0FC49623-8B3F-4DD3-9CAD-2C2B2B4A05CA}.Debug|Any CPU.Build.0 = Debug|Any CPU
		{0FC49623-8B3F-4DD3-9CAD-2C2B2B4A05CA}.Release|Any CPU.ActiveCfg = Release|Any CPU
		{0FC49623-8B3F-4DD3-9CAD-2C2B2B4A05CA}.Release|Any CPU.Build.0 = Release|Any CPU
		{19C603D7-9AFA-4F4D-A997-C0EC7C8EBF87}.Debug|Any CPU.ActiveCfg = Debug|Any CPU
		{19C603D7-9AFA-4F4D-A997-C0EC7C8EBF87}.Debug|Any CPU.Build.0 = Debug|Any CPU
		{19C603D7-9AFA-4F4D-A997-C0EC7C8EBF87}.Release|Any CPU.ActiveCfg = Release|Any CPU
		{19C603D7-9AFA-4F4D-A997-C0EC7C8EBF87}.Release|Any CPU.Build.0 = Release|Any CPU
	EndGlobalSection
	GlobalSection(SolutionProperties) = preSolution
		HideSolutionNode = FALSE
	EndGlobalSection
	GlobalSection(ExtensibilityGlobals) = postSolution
		SolutionGuid = {C688E339-1BE2-447B-8EAD-6793A171A63A}
	EndGlobalSection
EndGlobal
